
Microsoft Visual Studio Solution File, Format Version 12.00
# Visual Studio Version 17
VisualStudioVersion = 17.13.35931.197 d17.13
MinimumVisualStudioVersion = 10.0.40219.1
Project("{FAE04EC0-301F-11D3-BF4B-00C04F79EFBC}") = "PickRandomCards", "Chapter3\PickRandomCards.csproj", "{CD496E0D-BC0D-470F-84C8-B20443D6DBDA}"
EndProject
Global
	GlobalSection(SolutionConfigurationPlatforms) = preSolution
		Debug|Any CPU = Debug|Any CPU
		Release|Any CPU = Release|Any CPU
	EndGlobalSection
	GlobalSection(ProjectConfigurationPlatforms) = postSolution
		{CD496E0D-BC0D-470F-84C8-B20443D6DBDA}.Debug|Any CPU.ActiveCfg = Debug|Any CPU
		{CD496E0D-BC0D-470F-84C8-B20443D6DBDA}.Debug|Any CPU.Build.0 = Debug|Any CPU
		{CD496E0D-BC0D-470F-84C8-B20443D6DBDA}.Release|Any CPU.ActiveCfg = Release|Any CPU
		{CD496E0D-BC0D-470F-84C8-B20443D6DBDA}.Release|Any CPU.Build.0 = Release|Any CPU
	EndGlobalSection
	GlobalSection(SolutionProperties) = preSolution
		HideSolutionNode = FALSE
	EndGlobalSection
	GlobalSection(ExtensibilityGlobals) = postSolution
		SolutionGuid = {F3E08702-A60B-4E8C-BCE5-63A94BE11B1A}
	EndGlobalSection
EndGlobal
