
Microsoft Visual Studio Solution File, Format Version 12.00
# Visual Studio Version 17
VisualStudioVersion = 17.13.35931.197 d17.13
MinimumVisualStudioVersion = 10.0.40219.1
Project("{FAE04EC0-301F-11D3-BF4B-00C04F79EFBC}") = "SwordDamage_WPF_Part_1", "SwordDamage_WPF_Part_1\SwordDamage_WPF_Part_1.csproj", "{FC7277E0-8B5A-4CA6-8F78-E179380FB6BA}"
EndProject
Global
	GlobalSection(SolutionConfigurationPlatforms) = preSolution
		Debug|Any CPU = Debug|Any CPU
		Release|Any CPU = Release|Any CPU
	EndGlobalSection
	GlobalSection(ProjectConfigurationPlatforms) = postSolution
		{FC7277E0-8B5A-4CA6-8F78-E179380FB6BA}.Debug|Any CPU.ActiveCfg = Debug|Any CPU
		{FC7277E0-8B5A-4CA6-8F78-E179380FB6BA}.Debug|Any CPU.Build.0 = Debug|Any CPU
		{FC7277E0-8B5A-4CA6-8F78-E179380FB6BA}.Release|Any CPU.ActiveCfg = Release|Any CPU
		{FC7277E0-8B5A-4CA6-8F78-E179380FB6BA}.Release|Any CPU.Build.0 = Release|Any CPU
	EndGlobalSection
	GlobalSection(SolutionProperties) = preSolution
		HideSolutionNode = FALSE
	EndGlobalSection
	GlobalSection(ExtensibilityGlobals) = postSolution
		SolutionGuid = {B1D5B229-5E0E-44BE-A6F5-A579477A921B}
	EndGlobalSection
EndGlobal
