
Microsoft Visual Studio Solution File, Format Version 12.00
# Visual Studio Version 17
VisualStudioVersion = 17.13.35931.197 d17.13
MinimumVisualStudioVersion = 10.0.40219.1
Project("{FAE04EC0-301F-11D3-BF4B-00C04F79EFBC}") = "PickACardUI", "PickACardUI\PickACardUI.csproj", "{BEFB5657-C6CC-426D-931A-037BD51A8AFE}"
EndProject
Global
	GlobalSection(SolutionConfigurationPlatforms) = preSolution
		Debug|Any CPU = Debug|Any CPU
		Release|Any CPU = Release|Any CPU
	EndGlobalSection
	GlobalSection(ProjectConfigurationPlatforms) = postSolution
		{BEFB5657-C6CC-426D-931A-037BD51A8AFE}.Debug|Any CPU.ActiveCfg = Debug|Any CPU
		{BEFB5657-C6CC-426D-931A-037BD51A8AFE}.Debug|Any CPU.Build.0 = Debug|Any CPU
		{BEFB5657-C6CC-426D-931A-037BD51A8AFE}.Release|Any CPU.ActiveCfg = Release|Any CPU
		{BEFB5657-C6CC-426D-931A-037BD51A8AFE}.Release|Any CPU.Build.0 = Release|Any CPU
	EndGlobalSection
	GlobalSection(SolutionProperties) = preSolution
		HideSolutionNode = FALSE
	EndGlobalSection
	GlobalSection(ExtensibilityGlobals) = postSolution
		SolutionGuid = {149AB9F8-C010-45AE-AEAE-C11BEB8E1288}
	EndGlobalSection
EndGlobal
