
Microsoft Visual Studio Solution File, Format Version 12.00
# Visual Studio Version 17
VisualStudioVersion = 17.13.35931.197 d17.13
MinimumVisualStudioVersion = 10.0.40219.1
Project("{FAE04EC0-301F-11D3-BF4B-00C04F79EFBC}") = "HighLowGame", "HighLowGame\HighLowGame.csproj", "{0D00EA57-F4C9-4404-87AB-0C2CE34C9885}"
EndProject
Global
	GlobalSection(SolutionConfigurationPlatforms) = preSolution
		Debug|Any CPU = Debug|Any CPU
		Release|Any CPU = Release|Any CPU
	EndGlobalSection
	GlobalSection(ProjectConfigurationPlatforms) = postSolution
		{0D00EA57-F4C9-4404-87AB-0C2CE34C9885}.Debug|Any CPU.ActiveCfg = Debug|Any CPU
		{0D00EA57-F4C9-4404-87AB-0C2CE34C9885}.Debug|Any CPU.Build.0 = Debug|Any CPU
		{0D00EA57-F4C9-4404-87AB-0C2CE34C9885}.Release|Any CPU.ActiveCfg = Release|Any CPU
		{0D00EA57-F4C9-4404-87AB-0C2CE34C9885}.Release|Any CPU.Build.0 = Release|Any CPU
	EndGlobalSection
	GlobalSection(SolutionProperties) = preSolution
		HideSolutionNode = FALSE
	EndGlobalSection
	GlobalSection(ExtensibilityGlobals) = postSolution
		SolutionGuid = {2F4213BC-A3AA-425D-B8F9-D94C6C1C8623}
	EndGlobalSection
EndGlobal
