
Microsoft Visual Studio Solution File, Format Version 12.00
# Visual Studio Version 17
VisualStudioVersion = 17.13.35931.197 d17.13
MinimumVisualStudioVersion = 10.0.40219.1
Project("{FAE04EC0-301F-11D3-BF4B-00C04F79EFBC}") = "studyCS", "studyCS\studyCS.csproj", "{ABF91434-8B8A-46A7-954C-A2079CA450D9}"
EndProject
Global
	GlobalSection(SolutionConfigurationPlatforms) = preSolution
		Debug|Any CPU = Debug|Any CPU
		Release|Any CPU = Release|Any CPU
	EndGlobalSection
	GlobalSection(ProjectConfigurationPlatforms) = postSolution
		{ABF91434-8B8A-46A7-954C-A2079CA450D9}.Debug|Any CPU.ActiveCfg = Debug|Any CPU
		{ABF91434-8B8A-46A7-954C-A2079CA450D9}.Debug|Any CPU.Build.0 = Debug|Any CPU
		{ABF91434-8B8A-46A7-954C-A2079CA450D9}.Release|Any CPU.ActiveCfg = Release|Any CPU
		{ABF91434-8B8A-46A7-954C-A2079CA450D9}.Release|Any CPU.Build.0 = Release|Any CPU
	EndGlobalSection
	GlobalSection(SolutionProperties) = preSolution
		HideSolutionNode = FALSE
	EndGlobalSection
	GlobalSection(ExtensibilityGlobals) = postSolution
		SolutionGuid = {8A9EAD71-E1E4-4615-AB76-9426A99F53ED}
	EndGlobalSection
EndGlobal
