
Microsoft Visual Studio Solution File, Format Version 12.00
# Visual Studio Version 17
VisualStudioVersion = 17.13.35931.197 d17.13
MinimumVisualStudioVersion = 10.0.40219.1
Project("{FAE04EC0-301F-11D3-BF4B-00C04F79EFBC}") = "SwordDamage_Console_Part_1", "SwordDamage_Console_Part_1\SwordDamage_Console_Part_1.csproj", "{2FB59921-F168-401F-BB58-55A68708BAFC}"
EndProject
Global
	GlobalSection(SolutionConfigurationPlatforms) = preSolution
		Debug|Any CPU = Debug|Any CPU
		Release|Any CPU = Release|Any CPU
	EndGlobalSection
	GlobalSection(ProjectConfigurationPlatforms) = postSolution
		{2FB59921-F168-401F-BB58-55A68708BAFC}.Debug|Any CPU.ActiveCfg = Debug|Any CPU
		{2FB59921-F168-401F-BB58-55A68708BAFC}.Debug|Any CPU.Build.0 = Debug|Any CPU
		{2FB59921-F168-401F-BB58-55A68708BAFC}.Release|Any CPU.ActiveCfg = Release|Any CPU
		{2FB59921-F168-401F-BB58-55A68708BAFC}.Release|Any CPU.Build.0 = Release|Any CPU
	EndGlobalSection
	GlobalSection(SolutionProperties) = preSolution
		HideSolutionNode = FALSE
	EndGlobalSection
	GlobalSection(ExtensibilityGlobals) = postSolution
		SolutionGuid = {A4AE5EDA-BB6B-41E7-992D-DFBFE84B0334}
	EndGlobalSection
EndGlobal
