
Microsoft Visual Studio Solution File, Format Version 12.00
# Visual Studio Version 17
VisualStudioVersion = 17.13.35931.197 d17.13
MinimumVisualStudioVersion = 10.0.40219.1
Project("{FAE04EC0-301F-11D3-BF4B-00C04F79EFBC}") = "ExperimentWithControls", "ExperimentWithControls\ExperimentWithControls.csproj", "{BCA2F499-9322-4066-8D95-B8FD787D2D69}"
EndProject
Global
	GlobalSection(SolutionConfigurationPlatforms) = preSolution
		Debug|Any CPU = Debug|Any CPU
		Release|Any CPU = Release|Any CPU
	EndGlobalSection
	GlobalSection(ProjectConfigurationPlatforms) = postSolution
		{BCA2F499-9322-4066-8D95-B8FD787D2D69}.Debug|Any CPU.ActiveCfg = Debug|Any CPU
		{BCA2F499-9322-4066-8D95-B8FD787D2D69}.Debug|Any CPU.Build.0 = Debug|Any CPU
		{BCA2F499-9322-4066-8D95-B8FD787D2D69}.Release|Any CPU.ActiveCfg = Release|Any CPU
		{BCA2F499-9322-4066-8D95-B8FD787D2D69}.Release|Any CPU.Build.0 = Release|Any CPU
	EndGlobalSection
	GlobalSection(SolutionProperties) = preSolution
		HideSolutionNode = FALSE
	EndGlobalSection
	GlobalSection(ExtensibilityGlobals) = postSolution
		SolutionGuid = {FC6A480C-FD98-4931-99D8-E826DBE9214C}
	EndGlobalSection
EndGlobal
