
Microsoft Visual Studio Solution File, Format Version 12.00
# Visual Studio Version 17
VisualStudioVersion = 17.13.35931.197 d17.13
MinimumVisualStudioVersion = 10.0.40219.1
Project("{FAE04EC0-301F-11D3-BF4B-00C04F79EFBC}") = "Pizzazz", "Pizzazz\Pizzazz.csproj", "{B258F79F-1488-4A91-BBAE-BDDD9B22308E}"
EndProject
Global
	GlobalSection(SolutionConfigurationPlatforms) = preSolution
		Debug|Any CPU = Debug|Any CPU
		Release|Any CPU = Release|Any CPU
	EndGlobalSection
	GlobalSection(ProjectConfigurationPlatforms) = postSolution
		{B258F79F-1488-4A91-BBAE-BDDD9B22308E}.Debug|Any CPU.ActiveCfg = Debug|Any CPU
		{B258F79F-1488-4A91-BBAE-BDDD9B22308E}.Debug|Any CPU.Build.0 = Debug|Any CPU
		{B258F79F-1488-4A91-BBAE-BDDD9B22308E}.Release|Any CPU.ActiveCfg = Release|Any CPU
		{B258F79F-1488-4A91-BBAE-BDDD9B22308E}.Release|Any CPU.Build.0 = Release|Any CPU
	EndGlobalSection
	GlobalSection(SolutionProperties) = preSolution
		HideSolutionNode = FALSE
	EndGlobalSection
	GlobalSection(ExtensibilityGlobals) = postSolution
		SolutionGuid = {BF2E551F-4C46-429D-818F-A7B085933070}
	EndGlobalSection
EndGlobal
